
Microsoft Visual Studio Solution File, Format Version 12.00
# Visual Studio Version 17
VisualStudioVersion = 17.8.34330.188
MinimumVisualStudioVersion = 10.0.40219.1
Project("{FAE04EC0-301F-11D3-BF4B-00C04F79EFBC}") = "DemoProduct", "DemoProduct\DemoProduct.csproj", "{A5029141-5B12-415D-A24E-321AB950B80F}"
EndProject
Global
	GlobalSection(SolutionConfigurationPlatforms) = preSolution
		Debug|Any CPU = Debug|Any CPU
		Release|Any CPU = Release|Any CPU
	EndGlobalSection
	GlobalSection(ProjectConfigurationPlatforms) = postSolution
		{A5029141-5B12-415D-A24E-321AB950B80F}.Debug|Any CPU.ActiveCfg = Debug|Any CPU
		{A5029141-5B12-415D-A24E-321AB950B80F}.Debug|Any CPU.Build.0 = Debug|Any CPU
		{A5029141-5B12-415D-A24E-321AB950B80F}.Release|Any CPU.ActiveCfg = Release|Any CPU
		{A5029141-5B12-415D-A24E-321AB950B80F}.Release|Any CPU.Build.0 = Release|Any CPU
	EndGlobalSection
	GlobalSection(SolutionProperties) = preSolution
		HideSolutionNode = FALSE
	EndGlobalSection
	GlobalSection(ExtensibilityGlobals) = postSolution
		SolutionGuid = {F131AB64-F6C4-4226-8105-8C0DAF9995A4}
	EndGlobalSection
EndGlobal
